# This file is autogenerated, do not edit; changes may be undone by the next 'dep ensure'.


[[projects]]
  name = "github.com/anothermemory/clock"
  packages = ["."]
  revision = "6d8e2218c35361ba2ed85ed09eec5e8ee1de29eb"
  version = "v0.1.0"

[[projects]]
  name = "github.com/anothermemory/id"
  packages = ["."]
  revision = "f306f19848eeacb7b4596975ce31b67436ff20c0"
  version = "v0.1.0"

[[projects]]
  name = "github.com/anothermemory/unit"
  packages = ["."]
  revision = "09d8637d2967132ea8bcc4874702e7f24ffbac28"
  version = "v0.1.0"

[[projects]]
  name = "github.com/pkg/errors"
  packages = ["."]
  revision = "645ef00459ed84a119197bfb8d8205042c6df63d"
  version = "v0.8.0"

[[projects]]
  name = "github.com/satori/go.uuid"
  packages = ["."]
  revision = "879c5887cd475cd7864858769793b2ceb0d44feb"
  version = "v1.1.0"

[solve-meta]
  analyzer-name = "dep"
  analyzer-version = 1
  inputs-digest = "3148441c68bf8e1c497d6a0ff61feeb1d6758cee8bbe23fa6a2576fc6028fdfb"
  solver-name = "gps-cdcl"
  solver-version = 1
